lockfileVersion: '9.0'

settings:
  autoInstallPeers: true
  excludeLinksFromLockfile: false

importers:

  .:
    dependencies:
      '@types/lodash':
        specifier: ^4.14.202
        version: 4.14.202
      '@types/typed-screeps-arena':
        specifier: github:kounoike/typed-screeps-arena#develop
        version: typed-screeps-arena@https://codeload.github.com/kounoike/typed-screeps-arena/tar.gz/fceba47db09e91261b0a9a8deec8e94f0512597a
      ansi-colors:
        specifier: ^4.1.3
        version: 4.1.3
      ansi-styles:
        specifier: ^6.2.3
        version: 6.2.3
      base64-js:
        specifier: ^1.5.1
        version: 1.5.1
      lodash:
        specifier: ^4.17.21
        version: 4.17.21
      loglevel:
        specifier: ^1.9.2
        version: 1.9.2
      typescript:
        specifier: ^5.9.3
        version: 5.9.3
      utf8-buffer:
        specifier: ^1.0.0
        version: 1.0.0
    devDependencies:
      '@biomejs/biome':
        specifier: ^2.3.7
        version: 2.3.7
      '@typescript/native-preview':
        specifier: 7.0.0-dev.20251109.1
        version: 7.0.0-dev.20251109.1
      ansi-escapes:
        specifier: ^7.2.0
        version: 7.2.0
      chokidar:
        specifier: ^3.6.0
        version: 3.6.0
      cli-columns:
        specifier: ^4.0.0
        version: 4.0.0
      cli-cursor:
        specifier: ^5.0.0
        version: 5.0.0
      cloc:
        specifier: 1.98.0-cloc
        version: 1.98.0-cloc
      esbuild:
        specifier: ^0.26.0
        version: 0.26.0
      glob:
        specifier: ^11.1.0
        version: 11.1.0
      lefthook:
        specifier: ^2.0.4
        version: 2.0.4
      log-update:
        specifier: ^7.0.2
        version: 7.0.2

packages:

  '@biomejs/biome@2.3.7':
    resolution: {integrity: sha512-CTbAS/jNAiUc6rcq94BrTB8z83O9+BsgWj2sBCQg9rD6Wkh2gjfR87usjx0Ncx0zGXP1NKgT7JNglay5Zfs9jw==}
    engines: {node: '>=14.21.3'}
    hasBin: true

  '@biomejs/cli-darwin-arm64@2.3.7':
    resolution: {integrity: sha512-LirkamEwzIUULhXcf2D5b+NatXKeqhOwilM+5eRkbrnr6daKz9rsBL0kNZ16Hcy4b8RFq22SG4tcLwM+yx/wFA==}
    engines: {node: '>=14.21.3'}
    cpu: [arm64]
    os: [darwin]

  '@biomejs/cli-darwin-x64@2.3.7':
    resolution: {integrity: sha512-Q4TO633kvrMQkKIV7wmf8HXwF0dhdTD9S458LGE24TYgBjSRbuhvio4D5eOQzirEYg6eqxfs53ga/rbdd8nBKg==}
    engines: {node: '>=14.21.3'}
    cpu: [x64]
    os: [darwin]

  '@biomejs/cli-linux-arm64-musl@2.3.7':
    resolution: {integrity: sha512-/afy8lto4CB8scWfMdt+NoCZtatBUF62Tk3ilWH2w8ENd5spLhM77zKlFZEvsKJv9AFNHknMl03zO67CiklL2Q==}
    engines: {node: '>=14.21.3'}
    cpu: [arm64]
    os: [linux]

  '@biomejs/cli-linux-arm64@2.3.7':
    resolution: {integrity: sha512-inHOTdlstUBzgjDcx0ge71U4SVTbwAljmkfi3MC5WzsYCRhancqfeL+sa4Ke6v2ND53WIwCFD5hGsYExoI3EZQ==}
    engines: {node: '>=14.21.3'}
    cpu: [arm64]
    os: [linux]

  '@biomejs/cli-linux-x64-musl@2.3.7':
    resolution: {integrity: sha512-CQUtgH1tIN6e5wiYSJqzSwJumHYolNtaj1dwZGCnZXm2PZU1jOJof9TsyiP3bXNDb+VOR7oo7ZvY01If0W3iFQ==}
    engines: {node: '>=14.21.3'}
    cpu: [x64]
    os: [linux]

  '@biomejs/cli-linux-x64@2.3.7':
    resolution: {integrity: sha512-fJMc3ZEuo/NaMYo5rvoWjdSS5/uVSW+HPRQujucpZqm2ZCq71b8MKJ9U4th9yrv2L5+5NjPF0nqqILCl8HY/fg==}
    engines: {node: '>=14.21.3'}
    cpu: [x64]
    os: [linux]

  '@biomejs/cli-win32-arm64@2.3.7':
    resolution: {integrity: sha512-aJAE8eCNyRpcfx2JJAtsPtISnELJ0H4xVVSwnxm13bzI8RwbXMyVtxy2r5DV1xT3WiSP+7LxORcApWw0LM8HiA==}
    engines: {node: '>=14.21.3'}
    cpu: [arm64]
    os: [win32]

  '@biomejs/cli-win32-x64@2.3.7':
    resolution: {integrity: sha512-pulzUshqv9Ed//MiE8MOUeeEkbkSHVDVY5Cz5wVAnH1DUqliCQG3j6s1POaITTFqFfo7AVIx2sWdKpx/GS+Nqw==}
    engines: {node: '>=14.21.3'}
    cpu: [x64]
    os: [win32]

  '@esbuild/aix-ppc64@0.26.0':
    resolution: {integrity: sha512-hj0sKNCQOOo2fgyII3clmJXP28VhgDfU5iy3GNHlWO76KG6N7x4D9ezH5lJtQTG+1J6MFDAJXC1qsI+W+LvZoA==}
    engines: {node: '>=18'}
    cpu: [ppc64]
    os: [aix]

  '@esbuild/android-arm64@0.26.0':
    resolution: {integrity: sha512-DDnoJ5eoa13L8zPh87PUlRd/IyFaIKOlRbxiwcSbeumcJ7UZKdtuMCHa1Q27LWQggug6W4m28i4/O2qiQQ5NZQ==}
    engines: {node: '>=18'}
    cpu: [arm64]
    os: [android]

  '@esbuild/android-arm@0.26.0':
    resolution: {integrity: sha512-C0hkDsYNHZkBtPxxDx177JN90/1MiCpvBNjz1f5yWJo1+5+c5zr8apjastpEG+wtPjo9FFtGG7owSsAxyKiHxA==}
    engines: {node: '>=18'}
    cpu: [arm]
    os: [android]

  '@esbuild/android-x64@0.26.0':
    resolution: {integrity: sha512-bKDkGXGZnj0T70cRpgmv549x38Vr2O3UWLbjT2qmIkdIWcmlg8yebcFWoT9Dku7b5OV3UqPEuNKRzlNhjwUJ9A==}
    engines: {node: '>=18'}
    cpu: [x64]
    os: [android]

  '@esbuild/darwin-arm64@0.26.0':
    resolution: {integrity: sha512-6Z3naJgOuAIB0RLlJkYc81An3rTlQ/IeRdrU3dOea8h/PvZSgitZV+thNuIccw0MuK1GmIAnAmd5TrMZad8FTQ==}
    engines: {node: '>=18'}
    cpu: [arm64]
    os: [darwin]

  '@esbuild/darwin-x64@0.26.0':
    resolution: {integrity: sha512-OPnYj0zpYW0tHusMefyaMvNYQX5pNQuSsHFTHUBNp3vVXupwqpxofcjVsUx11CQhGVkGeXjC3WLjh91hgBG2xw==}
    engines: {node: '>=18'}
    cpu: [x64]
    os: [darwin]

  '@esbuild/freebsd-arm64@0.26.0':
    resolution: {integrity: sha512-jix2fa6GQeZhO1sCKNaNMjfj5hbOvoL2F5t+w6gEPxALumkpOV/wq7oUBMHBn2hY2dOm+mEV/K+xfZy3mrsxNQ==}
    engines: {node: '>=18'}
    cpu: [arm64]
    os: [freebsd]

  '@esbuild/freebsd-x64@0.26.0':
    resolution: {integrity: sha512-tccJaH5xHJD/239LjbVvJwf6T4kSzbk6wPFerF0uwWlkw/u7HL+wnAzAH5GB2irGhYemDgiNTp8wJzhAHQ64oA==}
    engines: {node: '>=18'}
    cpu: [x64]
    os: [freebsd]

  '@esbuild/linux-arm64@0.26.0':
    resolution: {integrity: sha512-IMJYN7FSkLttYyTbsbme0Ra14cBO5z47kpamo16IwggzzATFY2lcZAwkbcNkWiAduKrTgFJP7fW5cBI7FzcuNQ==}
    engines: {node: '>=18'}
    cpu: [arm64]
    os: [linux]

  '@esbuild/linux-arm@0.26.0':
    resolution: {integrity: sha512-JY8NyU31SyRmRpuc5W8PQarAx4TvuYbyxbPIpHAZdr/0g4iBr8KwQBS4kiiamGl2f42BBecHusYCsyxi7Kn8UQ==}
    engines: {node: '>=18'}
    cpu: [arm]
    os: [linux]

  '@esbuild/linux-ia32@0.26.0':
    resolution: {integrity: sha512-XITaGqGVLgk8WOHw8We9Z1L0lbLFip8LyQzKYFKO4zFo1PFaaSKsbNjvkb7O8kEXytmSGRkYpE8LLVpPJpsSlw==}
    engines: {node: '>=18'}
    cpu: [ia32]
    os: [linux]

  '@esbuild/linux-loong64@0.26.0':
    resolution: {integrity: sha512-MkggfbDIczStUJwq9wU7gQ7kO33d8j9lWuOCDifN9t47+PeI+9m2QVh51EI/zZQ1spZtFMC1nzBJ+qNGCjJnsg==}
    engines: {node: '>=18'}
    cpu: [loong64]
    os: [linux]

  '@esbuild/linux-mips64el@0.26.0':
    resolution: {integrity: sha512-fUYup12HZWAeccNLhQ5HwNBPr4zXCPgUWzEq2Rfw7UwqwfQrFZ0SR/JljaURR8xIh9t+o1lNUFTECUTmaP7yKA==}
    engines: {node: '>=18'}
    cpu: [mips64el]
    os: [linux]

  '@esbuild/linux-ppc64@0.26.0':
    resolution: {integrity: sha512-MzRKhM0Ip+//VYwC8tialCiwUQ4G65WfALtJEFyU0GKJzfTYoPBw5XNWf0SLbCUYQbxTKamlVwPmcw4DgZzFxg==}
    engines: {node: '>=18'}
    cpu: [ppc64]
    os: [linux]

  '@esbuild/linux-riscv64@0.26.0':
    resolution: {integrity: sha512-QhCc32CwI1I4Jrg1enCv292sm3YJprW8WHHlyxJhae/dVs+KRWkbvz2Nynl5HmZDW/m9ZxrXayHzjzVNvQMGQA==}
    engines: {node: '>=18'}
    cpu: [riscv64]
    os: [linux]

  '@esbuild/linux-s390x@0.26.0':
    resolution: {integrity: sha512-1D6vi6lfI18aNT1aTf2HV+RIlm6fxtlAp8eOJ4mmnbYmZ4boz8zYDar86sIYNh0wmiLJEbW/EocaKAX6Yso2fw==}
    engines: {node: '>=18'}
    cpu: [s390x]
    os: [linux]

  '@esbuild/linux-x64@0.26.0':
    resolution: {integrity: sha512-rnDcepj7LjrKFvZkx+WrBv6wECeYACcFjdNPvVPojCPJD8nHpb3pv3AuR9CXgdnjH1O23btICj0rsp0L9wAnHA==}
    engines: {node: '>=18'}
    cpu: [x64]
    os: [linux]

  '@esbuild/netbsd-arm64@0.26.0':
    resolution: {integrity: sha512-FSWmgGp0mDNjEXXFcsf12BmVrb+sZBBBlyh3LwB/B9ac3Kkc8x5D2WimYW9N7SUkolui8JzVnVlWh7ZmjCpnxw==}
    engines: {node: '>=18'}
    cpu: [arm64]
    os: [netbsd]

  '@esbuild/netbsd-x64@0.26.0':
    resolution: {integrity: sha512-0QfciUDFryD39QoSPUDshj4uNEjQhp73+3pbSAaxjV2qGOEDsM67P7KbJq7LzHoVl46oqhIhJ1S+skKGR7lMXA==}
    engines: {node: '>=18'}
    cpu: [x64]
    os: [netbsd]

  '@esbuild/openbsd-arm64@0.26.0':
    resolution: {integrity: sha512-vmAK+nHhIZWImwJ3RNw9hX3fU4UGN/OqbSE0imqljNbUQC3GvVJ1jpwYoTfD6mmXmQaxdJY6Hn4jQbLGJKg5Yw==}
    engines: {node: '>=18'}
    cpu: [arm64]
    os: [openbsd]

  '@esbuild/openbsd-x64@0.26.0':
    resolution: {integrity: sha512-GPXF7RMkJ7o9bTyUsnyNtrFMqgM3X+uM/LWw4CeHIjqc32fm0Ir6jKDnWHpj8xHFstgWDUYseSABK9KCkHGnpg==}
    engines: {node: '>=18'}
    cpu: [x64]
    os: [openbsd]

  '@esbuild/openharmony-arm64@0.26.0':
    resolution: {integrity: sha512-nUHZ5jEYqbBthbiBksbmHTlbb5eElyVfs/s1iHQ8rLBq1eWsd5maOnDpCocw1OM8kFK747d1Xms8dXJHtduxSw==}
    engines: {node: '>=18'}
    cpu: [arm64]
    os: [openharmony]

  '@esbuild/sunos-x64@0.26.0':
    resolution: {integrity: sha512-TMg3KCTCYYaVO+R6P5mSORhcNDDlemUVnUbb8QkboUtOhb5JWKAzd5uMIMECJQOxHZ/R+N8HHtDF5ylzLfMiLw==}
    engines: {node: '>=18'}
    cpu: [x64]
    os: [sunos]

  '@esbuild/win32-arm64@0.26.0':
    resolution: {integrity: sha512-apqYgoAUd6ZCb9Phcs8zN32q6l0ZQzQBdVXOofa6WvHDlSOhwCWgSfVQabGViThS40Y1NA4SCvQickgZMFZRlA==}
    engines: {node: '>=18'}
    cpu: [arm64]
    os: [win32]

  '@esbuild/win32-ia32@0.26.0':
    resolution: {integrity: sha512-FGJAcImbJNZzLWu7U6WB0iKHl4RuY4TsXEwxJPl9UZLS47agIZuILZEX3Pagfw7I4J3ddflomt9f0apfaJSbaw==}
    engines: {node: '>=18'}
    cpu: [ia32]
    os: [win32]

  '@esbuild/win32-x64@0.26.0':
    resolution: {integrity: sha512-WAckBKaVnmFqbEhbymrPK7M086DQMpL1XoRbpmN0iW8k5JSXjDRQBhcZNa0VweItknLq9eAeCL34jK7/CDcw7A==}
    engines: {node: '>=18'}
    cpu: [x64]
    os: [win32]

  '@isaacs/cliui@9.0.0':
    resolution: {integrity: sha512-AokJm4tuBHillT+FpMtxQ60n8ObyXBatq7jD2/JA9dxbDDokKQm8KMht5ibGzLVU9IJDIKK4TPKgMHEYMn3lMg==}
    engines: {node: '>=18'}

  '@types/lodash@4.14.202':
    resolution: {integrity: sha512-OvlIYQK9tNneDlS0VN54LLd5uiPCBOp7gS5Z0f1mjoJYBrtStzgmJBxONW3U6OZqdtNzZPmn9BS/7WI7BFFcFQ==}

  '@typescript/native-preview-darwin-arm64@7.0.0-dev.20251109.1':
    resolution: {integrity: sha512-nqqCMZkQMtjlQ1v5+nTcSe4qxbniinYUJGwG9yq/RENLypeGKcau/is096Jwvi96aI2xSXth7xHtT9Xag6yx3Q==}
    cpu: [arm64]
    os: [darwin]

  '@typescript/native-preview-darwin-x64@7.0.0-dev.20251109.1':
    resolution: {integrity: sha512-vA3DcnCZkthNckjPrt2QawG5Oy447aZtIQsYSmU9jOPPVk3RyZpdAZIb+y74Ct+Fww/LzedTPxHvc6NVkft8XA==}
    cpu: [x64]
    os: [darwin]

  '@typescript/native-preview-linux-arm64@7.0.0-dev.20251109.1':
    resolution: {integrity: sha512-EPh/Lh8y9rDiD4dGASAi3TqVbWE/QocTiiCTgIUZiBV7rWzW2HOKmmRiSphlgsTmAE4sBET7TKgQm2AazzWchA==}
    cpu: [arm64]
    os: [linux]

  '@typescript/native-preview-linux-arm@7.0.0-dev.20251109.1':
    resolution: {integrity: sha512-nciuISENI1sTJU6VTWa7sVSK8k2AyfCBax1MP9gcYjcbsFnj6GYgmy7vvwTBUnoDNqZHBKdJzKpQtEH0l7Dpig==}
    cpu: [arm]
    os: [linux]

  '@typescript/native-preview-linux-x64@7.0.0-dev.20251109.1':
    resolution: {integrity: sha512-Q6xkv+uyWL2O+YjgKvKEl/XwgfLe4CWyEwvH7LvNmPcOUlaeKkox8lyEM0X3+vIdpUrNLvKUZUZbOg5K2ZuktA==}
    cpu: [x64]
    os: [linux]

  '@typescript/native-preview-win32-arm64@7.0.0-dev.20251109.1':
    resolution: {integrity: sha512-bOFozHBX++dEUl/Zdvhfcjj5A2qbG4Tf4/pCdy+k26LEij1MOjaXYHKlPjTjhdqxdKUo72I2dvobR3dke2p6jg==}
    cpu: [arm64]
    os: [win32]

  '@typescript/native-preview-win32-x64@7.0.0-dev.20251109.1':
    resolution: {integrity: sha512-pLceiYGf4YcKHT1AmTPfWRbB6MXXFsW4LrvceqPaCQsfvA2eh1xa9NiGHTqTJagNkVBJL6RswXVJ/rIxUYZ+BA==}
    cpu: [x64]
    os: [win32]

  '@typescript/native-preview@7.0.0-dev.20251109.1':
    resolution: {integrity: sha512-oKJ13ZyXJr5O11ZkyT0lX+7km6yz6M6x3j8xV25/rjMEnisA5sgFs7nbsAxqCoe2gG7ev3t451GejQB5WweO/A==}
    hasBin: true

  ansi-colors@4.1.3:
    resolution: {integrity: sha512-/6w/C21Pm1A7aZitlI5Ni/2J6FFQN8i1Cvz3kHABAAbw93v/NlvKdVOqz7CCWz/3iv/JplRSEEZ83XION15ovw==}
    engines: {node: '>=6'}

  ansi-escapes@7.2.0:
    resolution: {integrity: sha512-g6LhBsl+GBPRWGWsBtutpzBYuIIdBkLEvad5C/va/74Db018+5TZiyA26cZJAr3Rft5lprVqOIPxf5Vid6tqAw==}
    engines: {node: '>=18'}

  ansi-regex@5.0.1:
    resolution: {integrity: sha512-quJQXlTSUGL2LH9SUXo8VwsY4soanhgo6LNSm84E1LBcE8s3O0wpdiRzyR9z/ZZJMlMWv37qOOb9pdJlMUEKFQ==}
    engines: {node: '>=8'}

  ansi-regex@6.2.2:
    resolution: {integrity: sha512-Bq3SmSpyFHaWjPk8If9yc6svM8c56dB5BAtW4Qbw5jHTwwXXcTLoRMkpDJp6VL0XzlWaCHTXrkFURMYmD0sLqg==}
    engines: {node: '>=12'}

  ansi-styles@6.2.3:
    resolution: {integrity: sha512-4Dj6M28JB+oAH8kFkTLUo+a2jwOFkuqb3yucU0CANcRRUbxS0cP0nZYCGjcc3BNXwRIsUVmDGgzawme7zvJHvg==}
    engines: {node: '>=12'}

  anymatch@3.1.3:
    resolution: {integrity: sha512-KMReFUr0B4t+D+OBkjR3KYqvocp2XaSzO55UcB6mgQMd3KbcE+mWTyvVV7D/zsdEbNnV6acZUutkiHQXvTr1Rw==}
    engines: {node: '>= 8'}

  balanced-match@4.0.4:
    resolution: {integrity: sha512-BLrgEcRTwX2o6gGxGOCNyMvGSp35YofuYzw9h1IMTRmKqttAZZVU67bdb9Pr2vUHA8+j3i2tJfjO6C6+4myGTA==}
    engines: {node: 18 || 20 || >=22}

  base64-js@1.5.1:
    resolution: {integrity: sha512-AKpaYlHn8t4SVbOHCy+b5+KKgvR4vrsD8vbvrbiQJps7fKDTkjkDry6ji0rUJjC0kzbNePLwzxq8iypo41qeWA==}

  binary-extensions@2.3.0:
    resolution: {integrity: sha512-Ceh+7ox5qe7LJuLHoY0feh3pHuUDHAcRUeyL2VYghZwfpkNIy/+8Ocg0a3UuSoYzavmylwuLWQOf3hl0jjMMIw==}
    engines: {node: '>=8'}

  brace-expansion@5.0.5:
    resolution: {integrity: sha512-VZznLgtwhn+Mact9tfiwx64fA9erHH/MCXEUfB/0bX/6Fz6ny5EGTXYltMocqg4xFAQZtnO3DHWWXi8RiuN7cQ==}
    engines: {node: 18 || 20 || >=22}

  braces@3.0.3:
    resolution: {integrity: sha512-yQbXgO/OSZVD2IsiLlro+7Hf6Q18EJrKSEsdoMzKePKXct3gvD8oLcOQdIzGupr5Fj+EDe8gO/lxc1BzfMpxvA==}
    engines: {node: '>=8'}

  chokidar@3.6.0:
    resolution: {integrity: sha512-7VT13fmjotKpGipCW9JEQAusEPE+Ei8nl6/g4FBAmIm0GOOLMua9NDDo/DWp0ZAxCr3cPq5ZpBqmPAQgDda2Pw==}
    engines: {node: '>= 8.10.0'}

  cli-columns@4.0.0:
    resolution: {integrity: sha512-XW2Vg+w+L9on9wtwKpyzluIPCWXjaBahI7mTcYjx+BVIYD9c3yqcv/yKC7CmdCZat4rq2yiE1UMSJC5ivKfMtQ==}
    engines: {node: '>= 10'}

  cli-cursor@5.0.0:
    resolution: {integrity: sha512-aCj4O5wKyszjMmDT4tZj93kxyydN/K5zPWSCe6/0AV/AA1pqe5ZBIw0a2ZfPQV7lL5/yb5HsUreJ6UFAF1tEQw==}
    engines: {node: '>=18'}

  cloc@1.98.0-cloc:
    resolution: {integrity: sha512-orSf0Lg13jCemPXVQ22QjlvdV9YSzguYE3BdtkRu7bIyVQq1DGHhZfu5tdCp20Qn3Na/9V6n0j81MK+uHIZPgQ==}
    hasBin: true

  cross-spawn@7.0.6:
    resolution: {integrity: sha512-uV2QOWP2nWzsy2aMp8aRibhi9dlzF5Hgh5SHaB9OiTGEyDTiJJyx0uy51QXdyWbtAHNua4XJzUKca3OzKUd3vA==}
    engines: {node: '>= 8'}

  emoji-regex@10.6.0:
    resolution: {integrity: sha512-toUI84YS5YmxW219erniWD0CIVOo46xGKColeNQRgOzDorgBi1v4D71/OFzgD9GO2UGKIv1C3Sp8DAn0+j5w7A==}

  emoji-regex@8.0.0:
    resolution: {integrity: sha512-MSjYzcWNOA0ewAHpz0MxpYFvwg6yjy1NG3xteoqz644VCo/RPgnr1/GGt+ic3iJTzQ8Eu3TdM14SawnVUmGE6A==}

  environment@1.1.0:
    resolution: {integrity: sha512-xUtoPkMggbz0MPyPiIWr1Kp4aeWJjDZ6SMvURhimjdZgsRuDplF5/s9hcgGhyXMhs+6vpnuoiZ2kFiu3FMnS8Q==}
    engines: {node: '>=18'}

  esbuild@0.26.0:
    resolution: {integrity: sha512-3Hq7jri+tRrVWha+ZeIVhl4qJRha/XjRNSopvTsOaCvfPHrflTYTcUFcEjMKdxofsXXsdc4zjg5NOTnL4Gl57Q==}
    engines: {node: '>=18'}
    hasBin: true

  fill-range@7.1.1:
    resolution: {integrity: sha512-YsGpe3WHLK8ZYi4tWDg2Jy3ebRz2rXowDxnld4bkQB00cc/1Zw9AWnC0i9ztDJitivtQvaI9KaLyKrc+hBW0yg==}
    engines: {node: '>=8'}

  foreground-child@3.3.1:
    resolution: {integrity: sha512-gIXjKqtFuWEgzFRJA9WCQeSJLZDjgJUOMCMzxtvFq/37KojM1BFGufqsCy0r4qSQmYLsZYMeyRqzIWOMup03sw==}
    engines: {node: '>=14'}

  fsevents@2.3.3:
    resolution: {integrity: sha512-5xoDfX+fL7faATnagmWPpbFtwh/R77WmMMqqHGS65C3vvB0YHrgF+B1YmZ3441tMj5n63k0212XNoJwzlhffQw==}
    engines: {node: ^8.16.0 || ^10.6.0 || >=11.0.0}
    os: [darwin]

  get-east-asian-width@1.5.0:
    resolution: {integrity: sha512-CQ+bEO+Tva/qlmw24dCejulK5pMzVnUOFOijVogd3KQs07HnRIgp8TGipvCCRT06xeYEbpbgwaCxglFyiuIcmA==}
    engines: {node: '>=18'}

  glob-parent@5.1.2:
    resolution: {integrity: sha512-AOIgSQCepiJYwP3ARnGx+5VnTu2HBYdzbGP45eLw1vr3zB3vZLeyed1sC9hnbcOc9/SrMyM5RPQrkGz4aS9Zow==}
    engines: {node: '>= 6'}

  glob@11.1.0:
    resolution: {integrity: sha512-vuNwKSaKiqm7g0THUBu2x7ckSs3XJLXE+2ssL7/MfTGPLLcrJQ/4Uq1CjPTtO5cCIiRxqvN6Twy1qOwhL0Xjcw==}
    engines: {node: 20 || >=22}
    deprecated: Old versions of glob are not supported, and contain widely publicized security vulnerabilities, which have been fixed in the current version. Please update. Support for old versions may be purchased (at exorbitant rates) by contacting i@izs.me
    hasBin: true

  is-binary-path@2.1.0:
    resolution: {integrity: sha512-ZMERYes6pDydyuGidse7OsHxtbI7WVeUEozgR/g7rd0xUimYNlvZRE/K2MgZTjWy725IfelLeVcEM97mmtRGXw==}
    engines: {node: '>=8'}

  is-extglob@2.1.1:
    resolution: {integrity: sha512-SbKbANkN603Vi4jEZv49LeVJMn4yGwsbzZworEoyEiutsN3nJYdbO36zfhGJ6QEDpOZIFkDtnq5JRxmvl3jsoQ==}
    engines: {node: '>=0.10.0'}

  is-fullwidth-code-point@3.0.0:
    resolution: {integrity: sha512-zymm5+u+sCsSWyD9qNaejV3DFvhCKclKdizYaJUuHA83RLjb7nSuGnddCHGv0hk+KY7BMAlsWeK4Ueg6EV6XQg==}
    engines: {node: '>=8'}

  is-fullwidth-code-point@5.1.0:
    resolution: {integrity: sha512-5XHYaSyiqADb4RnZ1Bdad6cPp8Toise4TzEjcOYDHZkTCbKgiUl7WTUCpNWHuxmDt91wnsZBc9xinNzopv3JMQ==}
    engines: {node: '>=18'}

  is-glob@4.0.3:
    resolution: {integrity: sha512-xelSayHH36ZgE7ZWhli7pW34hNbNl8Ojv5KVmkJD4hBdD3th8Tfk9vYasLM+mXWOZhFkgZfxhLSnrwRr4elSSg==}
    engines: {node: '>=0.10.0'}

  is-number@7.0.0:
    resolution: {integrity: sha512-41Cifkg6e8TylSpdtTpeLVMqvSBEVzTttHvERD741+pnZ8ANv0004MRL43QKPDlK9cGvNp6NZWZUBlbGXYxxng==}
    engines: {node: '>=0.12.0'}

  isexe@2.0.0:
    resolution: {integrity: sha512-RHxMLp9lnKHGHRng9QFhRCMbYAcVpn69smSGcq3f36xjgVVWThj4qqLbTLlq7Ssj8B+fIQ1EuCEGI2lKsyQeIw==}

  jackspeak@4.2.3:
    resolution: {integrity: sha512-ykkVRwrYvFm1nb2AJfKKYPr0emF6IiXDYUaFx4Zn9ZuIH7MrzEZ3sD5RlqGXNRpHtvUHJyOnCEFxOlNDtGo7wg==}
    engines: {node: 20 || >=22}

  lefthook-darwin-arm64@2.0.4:
    resolution: {integrity: sha512-AR63/O5UkM7Sc6x5PhP4vTuztTYRBeBroXApeWGM/8e5uZyoQug/7KTh7xhbCMDf8WJv6vdFeXAQCPSmDyPU3Q==}
    cpu: [arm64]
    os: [darwin]

  lefthook-darwin-x64@2.0.4:
    resolution: {integrity: sha512-618DVUttSzV9egQiqTQoxGfnR240JoPWYmqRVHhiegnQKZ2lp5XJ+7NMxeRk/ih93VVOLzFO5ky3PbpxTmJgjQ==}
    cpu: [x64]
    os: [darwin]

  lefthook-freebsd-arm64@2.0.4:
    resolution: {integrity: sha512-mTAQym1BK38fKglHBQ/0GXPznVC4LoStHO5lAI3ZxaEC0FQetqGHYFzhWbIH5sde9JhztE2rL/aBzMHDoAtzSw==}
    cpu: [arm64]
    os: [freebsd]

  lefthook-freebsd-x64@2.0.4:
    resolution: {integrity: sha512-sy02aSxd8UMd6XmiPFVl/Em0b78jdZcDSsLwg+bweJQQk0l+vJhOfqFiG11mbnpo+EBIZmRe6OH5LkxeSU36+w==}
    cpu: [x64]
    os: [freebsd]

  lefthook-linux-arm64@2.0.4:
    resolution: {integrity: sha512-W0Nlr/Cz2QTH9n4k5zNrk3LSsg1C4wHiJi8hrAiQVTaAV/N1XrKqd0DevqQuouuapG6pw/6B1xCgiNPebv9oyw==}
    cpu: [arm64]
    os: [linux]

  lefthook-linux-x64@2.0.4:
    resolution: {integrity: sha512-N6ySVCtB/DrOZ1ZgPL8WBZTgtoVHvcPKI+LV5wbcGrvA/dzDZFvniadrbDWZg7Tm705efiQzyENjwhhqNkwiww==}
    cpu: [x64]
    os: [linux]

  lefthook-openbsd-arm64@2.0.4:
    resolution: {integrity: sha512-VmOhJO3pYzZ/1C2WFXtL/n5pq4/eYOroqJJpwTJfmCHyw4ceLACu8MDyU5AMJhGMkbL8mPxGInJKxg5xhYgGRw==}
    cpu: [arm64]
    os: [openbsd]

  lefthook-openbsd-x64@2.0.4:
    resolution: {integrity: sha512-U8MZz1xlHUdflkQQ2hkMQsei6fSZbs8tuE4EjCIHWnNdnAF4V8sZ6n1KbxsJcoZXPyBZqxZSMu1o/Ye8IAMVKg==}
    cpu: [x64]
    os: [openbsd]

  lefthook-windows-arm64@2.0.4:
    resolution: {integrity: sha512-543H3y2JAwNdvwUQ6nlNBG7rdKgoOUgzAa6pYcl6EoqicCRrjRmGhkJu7vUudkkrD2Wjm7tr9hU9poP2g5fRFQ==}
    cpu: [arm64]
    os: [win32]

  lefthook-windows-x64@2.0.4:
    resolution: {integrity: sha512-UDEPK9RWKm60xsNOdS/DQOdFba0SFa4w3tpFMXK1AJzmRHhosoKrorXGhtTr6kcM0MGKOtYi8GHsm++ArZ9wvQ==}
    cpu: [x64]
    os: [win32]

  lefthook@2.0.4:
    resolution: {integrity: sha512-GNCU2vQWM/UWjiEF23601aILi1aMbPke6viortH7wIO/oVGOCW0H6FdLez4XZDyqnHL9XkTnd0BBVrBbYVMLpA==}
    hasBin: true

  lodash@4.17.21:
    resolution: {integrity: sha512-v2kDEe57lecTulaDIuNTPy3Ry4gLGJ6Z1O3vE1krgXZNrsQ+LFTGHVxVjcXPs17LhbZVGedAJv8XZ1tvj5FvSg==}

  log-update@7.0.2:
    resolution: {integrity: sha512-cSSF1K5w9juI2+JeSRAdaTUZJf6cJB0aWwWO1nQQkcWw44+bIfXmhZMwK2eEsv6tXvU3UfKX/kzcX6SP+1tLAw==}
    engines: {node: '>=20'}

  loglevel@1.9.2:
    resolution: {integrity: sha512-HgMmCqIJSAKqo68l0rS2AanEWfkxaZ5wNiEFb5ggm08lDs9Xl2KxBlX3PTcaD2chBM1gXAYf491/M2Rv8Jwayg==}
    engines: {node: '>= 0.6.0'}

  lru-cache@11.3.5:
    resolution: {integrity: sha512-NxVFwLAnrd9i7KUBxC4DrUhmgjzOs+1Qm50D3oF1/oL+r1NpZ4gA7xvG0/zJ8evR7zIKn4vLf7qTNduWFtCrRw==}
    engines: {node: 20 || >=22}

  mimic-function@5.0.1:
    resolution: {integrity: sha512-VP79XUPxV2CigYP3jWwAUFSku2aKqBH7uTAapFWCBqutsbmDo96KY5o8uh6U+/YSIn5OxJnXp73beVkpqMIGhA==}
    engines: {node: '>=18'}

  minimatch@10.2.5:
    resolution: {integrity: sha512-MULkVLfKGYDFYejP07QOurDLLQpcjk7Fw+7jXS2R2czRQzR56yHRveU5NDJEOviH+hETZKSkIk5c+T23GjFUMg==}
    engines: {node: 18 || 20 || >=22}

  minipass@7.1.3:
    resolution: {integrity: sha512-tEBHqDnIoM/1rXME1zgka9g6Q2lcoCkxHLuc7ODJ5BxbP5d4c2Z5cGgtXAku59200Cx7diuHTOYfSBD8n6mm8A==}
    engines: {node: '>=16 || 14 >=14.17'}

  normalize-path@3.0.0:
    resolution: {integrity: sha512-6eZs5Ls3WtCisHWp9S2GUy8dqkpGi4BVSz3GaqiE6ezub0512ESztXUwUB6C6IKbQkY2Pnb/mD4WYojCRwcwLA==}
    engines: {node: '>=0.10.0'}

  onetime@7.0.0:
    resolution: {integrity: sha512-VXJjc87FScF88uafS3JllDgvAm+c/Slfz06lorj2uAY34rlUu0Nt+v8wreiImcrgAjjIHp1rXpTDlLOGw29WwQ==}
    engines: {node: '>=18'}

  package-json-from-dist@1.0.1:
    resolution: {integrity: sha512-UEZIS3/by4OC8vL3P2dTXRETpebLI2NiI5vIrjaD/5UtrkFX/tNbwjTSRAGC/+7CAo2pIcBaRgWmcBBHcsaCIw==}

  path-key@3.1.1:
    resolution: {integrity: sha512-ojmeN0qd+y0jszEtoY48r0Peq5dwMEkIlCOu6Q5f41lfkswXuKtYrhgoTpLnyIcHm24Uhqx+5Tqm2InSwLhE6Q==}
    engines: {node: '>=8'}

  path-scurry@2.0.2:
    resolution: {integrity: sha512-3O/iVVsJAPsOnpwWIeD+d6z/7PmqApyQePUtCndjatj/9I5LylHvt5qluFaBT3I5h3r1ejfR056c+FCv+NnNXg==}
    engines: {node: 18 || 20 || >=22}

  picomatch@2.3.2:
    resolution: {integrity: sha512-V7+vQEJ06Z+c5tSye8S+nHUfI51xoXIXjHQ99cQtKUkQqqO1kO/KCJUfZXuB47h/YBlDhah2H3hdUGXn8ie0oA==}
    engines: {node: '>=8.6'}

  readdirp@3.6.0:
    resolution: {integrity: sha512-hOS089on8RduqdbhvQ5Z37A0ESjsqz6qnRcffsMU3495FuTdqSm+7bhJ29JvIOsBDEEnan5DPu9t3To9VRlMzA==}
    engines: {node: '>=8.10.0'}

  restore-cursor@5.1.0:
    resolution: {integrity: sha512-oMA2dcrw6u0YfxJQXm342bFKX/E4sG9rbTzO9ptUcR/e8A33cHuvStiYOwH7fszkZlZ1z/ta9AAoPk2F4qIOHA==}
    engines: {node: '>=18'}

  shebang-command@2.0.0:
    resolution: {integrity: sha512-kHxr2zZpYtdmrN1qDjrrX/Z1rR1kG8Dx+gkpK1G4eXmvXswmcE1hTWBWYUzlraYw1/yZp6YuDY77YtvbN0dmDA==}
    engines: {node: '>=8'}

  shebang-regex@3.0.0:
    resolution: {integrity: sha512-7++dFhtcx3353uBaq8DDR4NuxBetBzC7ZQOhmTQInHEd6bSrXdiEyzCvG07Z44UYdLShWUyXt5M/yhz8ekcb1A==}
    engines: {node: '>=8'}

  signal-exit@4.1.0:
    resolution: {integrity: sha512-bzyZ1e88w9O1iNJbKnOlvYTrWPDl46O1bG0D3XInv+9tkPrxrN8jUUTiFlDkkmKWgn1M6CfIA13SuGqOa9Korw==}
    engines: {node: '>=14'}

  slice-ansi@7.1.2:
    resolution: {integrity: sha512-iOBWFgUX7caIZiuutICxVgX1SdxwAVFFKwt1EvMYYec/NWO5meOJ6K5uQxhrYBdQJne4KxiqZc+KptFOWFSI9w==}
    engines: {node: '>=18'}

  string-width@4.2.3:
    resolution: {integrity: sha512-wKyQRQpjJ0sIp62ErSZdGsjMJWsap5oRNihHhu6G7JVO/9jIB6UyevL+tXuOqrng8j/cxKTWyWUwvSTriiZz/g==}
    engines: {node: '>=8'}

  string-width@7.2.0:
    resolution: {integrity: sha512-tsaTIkKW9b4N+AEj+SVA+WhJzV7/zMhcSu78mLKWSk7cXMOSHsBKFWUs0fWwq8QyK3MgJBQRX6Gbi4kYbdvGkQ==}
    engines: {node: '>=18'}

  strip-ansi@6.0.1:
    resolution: {integrity: sha512-Y38VPSHcqkFrCpFnQ9vuSXmquuv5oXOKpGeT6aGrr3o3Gc9AlVa6JBfUSOCnbxGGZF+/0ooI7KrPuUSztUdU5A==}
    engines: {node: '>=8'}

  strip-ansi@7.2.0:
    resolution: {integrity: sha512-yDPMNjp4WyfYBkHnjIRLfca1i6KMyGCtsVgoKe/z1+6vukgaENdgGBZt+ZmKPc4gavvEZ5OgHfHdrazhgNyG7w==}
    engines: {node: '>=12'}

  to-regex-range@5.0.1:
    resolution: {integrity: sha512-65P7iz6X5yEr1cwcgvQxbbIw7Uk3gOy5dIdtZ4rDveLqhrdJP+Li/Hx6tyK0NEb+2GCyneCMJiGqrADCSNk8sQ==}
    engines: {node: '>=8.0'}

  typed-screeps-arena@https://codeload.github.com/kounoike/typed-screeps-arena/tar.gz/fceba47db09e91261b0a9a8deec8e94f0512597a:
    resolution: {tarball: https://codeload.github.com/kounoike/typed-screeps-arena/tar.gz/fceba47db09e91261b0a9a8deec8e94f0512597a}
    version: 0.0.1

  typescript@5.9.3:
    resolution: {integrity: sha512-jl1vZzPDinLr9eUt3J/t7V6FgNEw9QjvBPdysz9KfQDD41fQrC2Y4vKQdiaUpFT4bXlb1RHhLpp8wtm6M5TgSw==}
    engines: {node: '>=14.17'}
    hasBin: true

  utf8-buffer@1.0.0:
    resolution: {integrity: sha512-ueuhzvWnp5JU5CiGSY4WdKbiN/PO2AZ/lpeLiz2l38qwdLy/cW40XobgyuIWucNyum0B33bVB0owjFCeGBSLqg==}
    engines: {node: '>=8'}

  which@2.0.2:
    resolution: {integrity: sha512-BLI3Tl1TW3Pvl70l3yq3Y64i+awpwXqsGBYWkkqMtnbXgrMD+yj7rhW0kuEDxzJaYXGjEW5ogapKNMEKNMjibA==}
    engines: {node: '>= 8'}
    hasBin: true

  wrap-ansi@9.0.2:
    resolution: {integrity: sha512-42AtmgqjV+X1VpdOfyTGOYRi0/zsoLqtXQckTmqTeybT+BDIbM/Guxo7x3pE2vtpr1ok6xRqM9OpBe+Jyoqyww==}
    engines: {node: '>=18'}

snapshots:

  '@biomejs/biome@2.3.7':
    optionalDependencies:
      '@biomejs/cli-darwin-arm64': 2.3.7
      '@biomejs/cli-darwin-x64': 2.3.7
      '@biomejs/cli-linux-arm64': 2.3.7
      '@biomejs/cli-linux-arm64-musl': 2.3.7
      '@biomejs/cli-linux-x64': 2.3.7
      '@biomejs/cli-linux-x64-musl': 2.3.7
      '@biomejs/cli-win32-arm64': 2.3.7
      '@biomejs/cli-win32-x64': 2.3.7

  '@biomejs/cli-darwin-arm64@2.3.7':
    optional: true

  '@biomejs/cli-darwin-x64@2.3.7':
    optional: true

  '@biomejs/cli-linux-arm64-musl@2.3.7':
    optional: true

  '@biomejs/cli-linux-arm64@2.3.7':
    optional: true

  '@biomejs/cli-linux-x64-musl@2.3.7':
    optional: true

  '@biomejs/cli-linux-x64@2.3.7':
    optional: true

  '@biomejs/cli-win32-arm64@2.3.7':
    optional: true

  '@biomejs/cli-win32-x64@2.3.7':
    optional: true

  '@esbuild/aix-ppc64@0.26.0':
    optional: true

  '@esbuild/android-arm64@0.26.0':
    optional: true

  '@esbuild/android-arm@0.26.0':
    optional: true

  '@esbuild/android-x64@0.26.0':
    optional: true

  '@esbuild/darwin-arm64@0.26.0':
    optional: true

  '@esbuild/darwin-x64@0.26.0':
    optional: true

  '@esbuild/freebsd-arm64@0.26.0':
    optional: true

  '@esbuild/freebsd-x64@0.26.0':
    optional: true

  '@esbuild/linux-arm64@0.26.0':
    optional: true

  '@esbuild/linux-arm@0.26.0':
    optional: true

  '@esbuild/linux-ia32@0.26.0':
    optional: true

  '@esbuild/linux-loong64@0.26.0':
    optional: true

  '@esbuild/linux-mips64el@0.26.0':
    optional: true

  '@esbuild/linux-ppc64@0.26.0':
    optional: true

  '@esbuild/linux-riscv64@0.26.0':
    optional: true

  '@esbuild/linux-s390x@0.26.0':
    optional: true

  '@esbuild/linux-x64@0.26.0':
    optional: true

  '@esbuild/netbsd-arm64@0.26.0':
    optional: true

  '@esbuild/netbsd-x64@0.26.0':
    optional: true

  '@esbuild/openbsd-arm64@0.26.0':
    optional: true

  '@esbuild/openbsd-x64@0.26.0':
    optional: true

  '@esbuild/openharmony-arm64@0.26.0':
    optional: true

  '@esbuild/sunos-x64@0.26.0':
    optional: true

  '@esbuild/win32-arm64@0.26.0':
    optional: true

  '@esbuild/win32-ia32@0.26.0':
    optional: true

  '@esbuild/win32-x64@0.26.0':
    optional: true

  '@isaacs/cliui@9.0.0': {}

  '@types/lodash@4.14.202': {}

  '@typescript/native-preview-darwin-arm64@7.0.0-dev.20251109.1':
    optional: true

  '@typescript/native-preview-darwin-x64@7.0.0-dev.20251109.1':
    optional: true

  '@typescript/native-preview-linux-arm64@7.0.0-dev.20251109.1':
    optional: true

  '@typescript/native-preview-linux-arm@7.0.0-dev.20251109.1':
    optional: true

  '@typescript/native-preview-linux-x64@7.0.0-dev.20251109.1':
    optional: true

  '@typescript/native-preview-win32-arm64@7.0.0-dev.20251109.1':
    optional: true

  '@typescript/native-preview-win32-x64@7.0.0-dev.20251109.1':
    optional: true

  '@typescript/native-preview@7.0.0-dev.20251109.1':
    optionalDependencies:
      '@typescript/native-preview-darwin-arm64': 7.0.0-dev.20251109.1
      '@typescript/native-preview-darwin-x64': 7.0.0-dev.20251109.1
      '@typescript/native-preview-linux-arm': 7.0.0-dev.20251109.1
      '@typescript/native-preview-linux-arm64': 7.0.0-dev.20251109.1
      '@typescript/native-preview-linux-x64': 7.0.0-dev.20251109.1
      '@typescript/native-preview-win32-arm64': 7.0.0-dev.20251109.1
      '@typescript/native-preview-win32-x64': 7.0.0-dev.20251109.1

  ansi-colors@4.1.3: {}

  ansi-escapes@7.2.0:
    dependencies:
      environment: 1.1.0

  ansi-regex@5.0.1: {}

  ansi-regex@6.2.2: {}

  ansi-styles@6.2.3: {}

  anymatch@3.1.3:
    dependencies:
      normalize-path: 3.0.0
      picomatch: 2.3.2

  balanced-match@4.0.4: {}

  base64-js@1.5.1: {}

  binary-extensions@2.3.0: {}

  brace-expansion@5.0.5:
    dependencies:
      balanced-match: 4.0.4

  braces@3.0.3:
    dependencies:
      fill-range: 7.1.1

  chokidar@3.6.0:
    dependencies:
      anymatch: 3.1.3
      braces: 3.0.3
      glob-parent: 5.1.2
      is-binary-path: 2.1.0
      is-glob: 4.0.3
      normalize-path: 3.0.0
      readdirp: 3.6.0
    optionalDependencies:
      fsevents: 2.3.3

  cli-columns@4.0.0:
    dependencies:
      string-width: 4.2.3
      strip-ansi: 6.0.1

  cli-cursor@5.0.0:
    dependencies:
      restore-cursor: 5.1.0

  cloc@1.98.0-cloc: {}

  cross-spawn@7.0.6:
    dependencies:
      path-key: 3.1.1
      shebang-command: 2.0.0
      which: 2.0.2

  emoji-regex@10.6.0: {}

  emoji-regex@8.0.0: {}

  environment@1.1.0: {}

  esbuild@0.26.0:
    optionalDependencies:
      '@esbuild/aix-ppc64': 0.26.0
      '@esbuild/android-arm': 0.26.0
      '@esbuild/android-arm64': 0.26.0
      '@esbuild/android-x64': 0.26.0
      '@esbuild/darwin-arm64': 0.26.0
      '@esbuild/darwin-x64': 0.26.0
      '@esbuild/freebsd-arm64': 0.26.0
      '@esbuild/freebsd-x64': 0.26.0
      '@esbuild/linux-arm': 0.26.0
      '@esbuild/linux-arm64': 0.26.0
      '@esbuild/linux-ia32': 0.26.0
      '@esbuild/linux-loong64': 0.26.0
      '@esbuild/linux-mips64el': 0.26.0
      '@esbuild/linux-ppc64': 0.26.0
      '@esbuild/linux-riscv64': 0.26.0
      '@esbuild/linux-s390x': 0.26.0
      '@esbuild/linux-x64': 0.26.0
      '@esbuild/netbsd-arm64': 0.26.0
      '@esbuild/netbsd-x64': 0.26.0
      '@esbuild/openbsd-arm64': 0.26.0
      '@esbuild/openbsd-x64': 0.26.0
      '@esbuild/openharmony-arm64': 0.26.0
      '@esbuild/sunos-x64': 0.26.0
      '@esbuild/win32-arm64': 0.26.0
      '@esbuild/win32-ia32': 0.26.0
      '@esbuild/win32-x64': 0.26.0

  fill-range@7.1.1:
    dependencies:
      to-regex-range: 5.0.1

  foreground-child@3.3.1:
    dependencies:
      cross-spawn: 7.0.6
      signal-exit: 4.1.0

  fsevents@2.3.3:
    optional: true

  get-east-asian-width@1.5.0: {}

  glob-parent@5.1.2:
    dependencies:
      is-glob: 4.0.3

  glob@11.1.0:
    dependencies:
      foreground-child: 3.3.1
      jackspeak: 4.2.3
      minimatch: 10.2.5
      minipass: 7.1.3
      package-json-from-dist: 1.0.1
      path-scurry: 2.0.2

  is-binary-path@2.1.0:
    dependencies:
      binary-extensions: 2.3.0

  is-extglob@2.1.1: {}

  is-fullwidth-code-point@3.0.0: {}

  is-fullwidth-code-point@5.1.0:
    dependencies:
      get-east-asian-width: 1.5.0

  is-glob@4.0.3:
    dependencies:
      is-extglob: 2.1.1

  is-number@7.0.0: {}

  isexe@2.0.0: {}

  jackspeak@4.2.3:
    dependencies:
      '@isaacs/cliui': 9.0.0

  lefthook-darwin-arm64@2.0.4:
    optional: true

  lefthook-darwin-x64@2.0.4:
    optional: true

  lefthook-freebsd-arm64@2.0.4:
    optional: true

  lefthook-freebsd-x64@2.0.4:
    optional: true

  lefthook-linux-arm64@2.0.4:
    optional: true

  lefthook-linux-x64@2.0.4:
    optional: true

  lefthook-openbsd-arm64@2.0.4:
    optional: true

  lefthook-openbsd-x64@2.0.4:
    optional: true

  lefthook-windows-arm64@2.0.4:
    optional: true

  lefthook-windows-x64@2.0.4:
    optional: true

  lefthook@2.0.4:
    optionalDependencies:
      lefthook-darwin-arm64: 2.0.4
      lefthook-darwin-x64: 2.0.4
      lefthook-freebsd-arm64: 2.0.4
      lefthook-freebsd-x64: 2.0.4
      lefthook-linux-arm64: 2.0.4
      lefthook-linux-x64: 2.0.4
      lefthook-openbsd-arm64: 2.0.4
      lefthook-openbsd-x64: 2.0.4
      lefthook-windows-arm64: 2.0.4
      lefthook-windows-x64: 2.0.4

  lodash@4.17.21: {}

  log-update@7.0.2:
    dependencies:
      ansi-escapes: 7.2.0
      cli-cursor: 5.0.0
      slice-ansi: 7.1.2
      strip-ansi: 7.2.0
      wrap-ansi: 9.0.2

  loglevel@1.9.2: {}

  lru-cache@11.3.5: {}

  mimic-function@5.0.1: {}

  minimatch@10.2.5:
    dependencies:
      brace-expansion: 5.0.5

  minipass@7.1.3: {}

  normalize-path@3.0.0: {}

  onetime@7.0.0:
    dependencies:
      mimic-function: 5.0.1

  package-json-from-dist@1.0.1: {}

  path-key@3.1.1: {}

  path-scurry@2.0.2:
    dependencies:
      lru-cache: 11.3.5
      minipass: 7.1.3

  picomatch@2.3.2: {}

  readdirp@3.6.0:
    dependencies:
      picomatch: 2.3.2

  restore-cursor@5.1.0:
    dependencies:
      onetime: 7.0.0
      signal-exit: 4.1.0

  shebang-command@2.0.0:
    dependencies:
      shebang-regex: 3.0.0

  shebang-regex@3.0.0: {}

  signal-exit@4.1.0: {}

  slice-ansi@7.1.2:
    dependencies:
      ansi-styles: 6.2.3
      is-fullwidth-code-point: 5.1.0

  string-width@4.2.3:
    dependencies:
      emoji-regex: 8.0.0
      is-fullwidth-code-point: 3.0.0
      strip-ansi: 6.0.1

  string-width@7.2.0:
    dependencies:
      emoji-regex: 10.6.0
      get-east-asian-width: 1.5.0
      strip-ansi: 7.2.0

  strip-ansi@6.0.1:
    dependencies:
      ansi-regex: 5.0.1

  strip-ansi@7.2.0:
    dependencies:
      ansi-regex: 6.2.2

  to-regex-range@5.0.1:
    dependencies:
      is-number: 7.0.0

  typed-screeps-arena@https://codeload.github.com/kounoike/typed-screeps-arena/tar.gz/fceba47db09e91261b0a9a8deec8e94f0512597a: {}

  typescript@5.9.3: {}

  utf8-buffer@1.0.0: {}

  which@2.0.2:
    dependencies:
      isexe: 2.0.0

  wrap-ansi@9.0.2:
    dependencies:
      ansi-styles: 6.2.3
      string-width: 7.2.0
      strip-ansi: 7.2.0
